PODS:
  - Alamofire (4.5.0)
  - SwiftDate (4.1.6)
  - SwiftyJSON (3.1.4)

DEPENDENCIES:
  - Alamofire (~> 4.4)
  - SwiftDate (~> 4.0)
  - SwiftyJSON

SPEC CHECKSUMS:
  Alamofire: f28cdffd29de33a7bfa022cbd63ae95a27fae140
  SwiftDate: 6bae71add23ce9f16ec2be3a521b21000da5804b
  SwiftyJSON: c2842d878f95482ffceec5709abc3d05680c0220

PODFILE CHECKSUM: 2dcd6c367e35a381d9e088bf8a14a6d68c2657c3

COCOAPODS: 1.2.0
